
Microsoft Visual Studio Solution File, Format Version 12.00
# Visual Studio Version 17
VisualStudioVersion = 17.5.33414.496
MinimumVisualStudioVersion = 10.0.40219.1
Project("{FAE04EC0-301F-11D3-BF4B-00C04F79EFBC}") = "windows-explorer", "windows-explorer\windows-explorer.csproj", "{08A12214-221B-4814-965C-1CB1B45E01EF}"
EndProject
Global
	GlobalSection(SolutionConfigurationPlatforms) = preSolution
		Debug|Any CPU = Debug|Any CPU
		Release|Any CPU = Release|Any CPU
	EndGlobalSection
	GlobalSection(ProjectConfigurationPlatforms) = postSolution
		{08A12214-221B-4814-965C-1CB1B45E01EF}.Debug|Any CPU.ActiveCfg = Debug|Any CPU
		{08A12214-221B-4814-965C-1CB1B45E01EF}.Debug|Any CPU.Build.0 = Debug|Any CPU
		{08A12214-221B-4814-965C-1CB1B45E01EF}.Release|Any CPU.ActiveCfg = Release|Any CPU
		{08A12214-221B-4814-965C-1CB1B45E01EF}.Release|Any CPU.Build.0 = Release|Any CPU
	EndGlobalSection
	GlobalSection(SolutionProperties) = preSolution
		HideSolutionNode = FALSE
	EndGlobalSection
	GlobalSection(ExtensibilityGlobals) = postSolution
		SolutionGuid = {4098867E-C22B-42D3-902E-F6D207F9CCE0}
	EndGlobalSection
EndGlobal
